
Microsoft Visual Studio Solution File, Format Version 12.00
# Visual Studio 2012
Project("{FAE04EC0-301F-11D3-BF4B-00C04F79EFBC}") = "Image Viewer", "Image Viewer\Image Viewer.csproj", "{DD38B165-EBC8-4500-8CBA-C2FCC669960A}"
EndProject
Global
	GlobalSection(SolutionConfigurationPlatforms) = preSolution
		Debug|Any CPU = Debug|Any CPU
		Release|Any CPU = Release|Any CPU
	EndGlobalSection
	GlobalSection(ProjectConfigurationPlatforms) = postSolution
		{DD38B165-EBC8-4500-8CBA-C2FCC669960A}.Debug|Any CPU.ActiveCfg = Debug|Any CPU
		{DD38B165-EBC8-4500-8CBA-C2FCC669960A}.Debug|Any CPU.Build.0 = Debug|Any CPU
		{DD38B165-EBC8-4500-8CBA-C2FCC669960A}.Release|Any CPU.ActiveCfg = Release|Any CPU
		{DD38B165-EBC8-4500-8CBA-C2FCC669960A}.Release|Any CPU.Build.0 = Release|Any CPU
	EndGlobalSection
	GlobalSection(SolutionProperties) = preSolution
		HideSolutionNode = FALSE
	EndGlobalSection
EndGlobal
