
Microsoft Visual Studio Solution File, Format Version 12.00
# Visual Studio 2012
Project("{FAE04EC0-301F-11D3-BF4B-00C04F79EFBC}") = "DialPad", "DialPad\DialPad.csproj", "{16E247B0-F060-4472-9486-1F311FA8E2EB}"
EndProject
Global
	GlobalSection(SolutionConfigurationPlatforms) = preSolution
		Debug|Any CPU = Debug|Any CPU
		Release|Any CPU = Release|Any CPU
	EndGlobalSection
	GlobalSection(ProjectConfigurationPlatforms) = postSolution
		{16E247B0-F060-4472-9486-1F311FA8E2EB}.Debug|Any CPU.ActiveCfg = Debug|Any CPU
		{16E247B0-F060-4472-9486-1F311FA8E2EB}.Debug|Any CPU.Build.0 = Debug|Any CPU
		{16E247B0-F060-4472-9486-1F311FA8E2EB}.Release|Any CPU.ActiveCfg = Release|Any CPU
		{16E247B0-F060-4472-9486-1F311FA8E2EB}.Release|Any CPU.Build.0 = Release|Any CPU
	EndGlobalSection
	GlobalSection(SolutionProperties) = preSolution
		HideSolutionNode = FALSE
	EndGlobalSection
EndGlobal
