
Microsoft Visual Studio Solution File, Format Version 12.00
# Visual Studio 2012
Project("{FAE04EC0-301F-11D3-BF4B-00C04F79EFBC}") = "Digital Clock", "Digital Clock\Digital Clock.csproj", "{B3BBB30A-C8A2-4E11-8294-FC5BF79F2A8F}"
EndProject
Global
	GlobalSection(SolutionConfigurationPlatforms) = preSolution
		Debug|Any CPU = Debug|Any CPU
		Release|Any CPU = Release|Any CPU
	EndGlobalSection
	GlobalSection(ProjectConfigurationPlatforms) = postSolution
		{B3BBB30A-C8A2-4E11-8294-FC5BF79F2A8F}.Debug|Any CPU.ActiveCfg = Debug|Any CPU
		{B3BBB30A-C8A2-4E11-8294-FC5BF79F2A8F}.Debug|Any CPU.Build.0 = Debug|Any CPU
		{B3BBB30A-C8A2-4E11-8294-FC5BF79F2A8F}.Release|Any CPU.ActiveCfg = Release|Any CPU
		{B3BBB30A-C8A2-4E11-8294-FC5BF79F2A8F}.Release|Any CPU.Build.0 = Release|Any CPU
	EndGlobalSection
	GlobalSection(SolutionProperties) = preSolution
		HideSolutionNode = FALSE
	EndGlobalSection
EndGlobal
