
Microsoft Visual Studio Solution File, Format Version 12.00
# Visual Studio Version 16
VisualStudioVersion = 16.0.31205.134
MinimumVisualStudioVersion = 10.0.40219.1
Project("{FAE04EC0-301F-11D3-BF4B-00C04F79EFBC}") = "Arm Wrestle", "Arm Wrestle\Arm Wrestle.csproj", "{2F0259E8-243A-4210-A39C-72E7874EA6FE}"
EndProject
Global
	GlobalSection(SolutionConfigurationPlatforms) = preSolution
		Debug|Any CPU = Debug|Any CPU
		Release|Any CPU = Release|Any CPU
	EndGlobalSection
	GlobalSection(ProjectConfigurationPlatforms) = postSolution
		{2F0259E8-243A-4210-A39C-72E7874EA6FE}.Debug|Any CPU.ActiveCfg = Debug|Any CPU
		{2F0259E8-243A-4210-A39C-72E7874EA6FE}.Debug|Any CPU.Build.0 = Debug|Any CPU
		{2F0259E8-243A-4210-A39C-72E7874EA6FE}.Release|Any CPU.ActiveCfg = Release|Any CPU
		{2F0259E8-243A-4210-A39C-72E7874EA6FE}.Release|Any CPU.Build.0 = Release|Any CPU
	EndGlobalSection
	GlobalSection(SolutionProperties) = preSolution
		HideSolutionNode = FALSE
	EndGlobalSection
	GlobalSection(ExtensibilityGlobals) = postSolution
		SolutionGuid = {310A9B5D-E3BD-43D3-BA99-DD7F8EF9FC30}
	EndGlobalSection
EndGlobal
